
Microsoft Visual Studio Solution File, Format Version 12.00
# Visual Studio Version 18
VisualStudioVersion = 18.3.11505.172
MinimumVisualStudioVersion = 10.0.40219.1
Project("{FAE04EC0-301F-11D3-BF4B-00C04F79EFBC}") = "Transmar.Api", "Transmar.Api\Transmar.Api.csproj", "{D0AA6E8C-9DB2-A39B-7F30-8096BF7CACBC}"
EndProject
Project("{E24C65DC-7377-472B-9ABA-BC803B73C61A}") = "transmar-web", "transmar-web\", "{522E1A66-E2D6-0C8A-1004-7BB5394DA4AE}"
	ProjectSection(WebsiteProperties) = preProject
		TargetFrameworkMoniker = ".NETFramework,Version%3Dv4.8"
		Debug.AspNetCompiler.VirtualPath = "/localhost_59524"
		Debug.AspNetCompiler.PhysicalPath = "transmar-web\"
		Debug.AspNetCompiler.TargetPath = "PrecompiledWeb\localhost_59524\"
		Debug.AspNetCompiler.Updateable = "true"
		Debug.AspNetCompiler.ForceOverwrite = "true"
		Debug.AspNetCompiler.FixedNames = "false"
		Debug.AspNetCompiler.Debug = "True"
		Release.AspNetCompiler.VirtualPath = "/localhost_59524"
		Release.AspNetCompiler.PhysicalPath = "transmar-web\"
		Release.AspNetCompiler.TargetPath = "PrecompiledWeb\localhost_59524\"
		Release.AspNetCompiler.Updateable = "true"
		Release.AspNetCompiler.ForceOverwrite = "true"
		Release.AspNetCompiler.FixedNames = "false"
		Release.AspNetCompiler.Debug = "False"
		VWDPort = "59524"
	EndProjectSection
EndProject
Project("{2150E333-8FDC-42A3-9474-1A3956D46DE8}") = "Elementy rozwiązania", "Elementy rozwiązania", "{B6E0E40B-0863-4C07-8EFC-657CB36ECAE6}"
	ProjectSection(SolutionItems) = preProject
		.gitignore = .gitignore
		README.md = README.md
		Transmar - task.pdf = Transmar - task.pdf
	EndProjectSection
EndProject
Global
	GlobalSection(SolutionConfigurationPlatforms) = preSolution
		Debug|Any CPU = Debug|Any CPU
		Release|Any CPU = Release|Any CPU
	EndGlobalSection
	GlobalSection(ProjectConfigurationPlatforms) = postSolution
		{D0AA6E8C-9DB2-A39B-7F30-8096BF7CACBC}.Debug|Any CPU.ActiveCfg = Debug|Any CPU
		{D0AA6E8C-9DB2-A39B-7F30-8096BF7CACBC}.Debug|Any CPU.Build.0 = Debug|Any CPU
		{D0AA6E8C-9DB2-A39B-7F30-8096BF7CACBC}.Release|Any CPU.ActiveCfg = Release|Any CPU
		{D0AA6E8C-9DB2-A39B-7F30-8096BF7CACBC}.Release|Any CPU.Build.0 = Release|Any CPU
		{522E1A66-E2D6-0C8A-1004-7BB5394DA4AE}.Debug|Any CPU.ActiveCfg = Debug|Any CPU
		{522E1A66-E2D6-0C8A-1004-7BB5394DA4AE}.Debug|Any CPU.Build.0 = Debug|Any CPU
		{522E1A66-E2D6-0C8A-1004-7BB5394DA4AE}.Release|Any CPU.ActiveCfg = Debug|Any CPU
		{522E1A66-E2D6-0C8A-1004-7BB5394DA4AE}.Release|Any CPU.Build.0 = Debug|Any CPU
	EndGlobalSection
	GlobalSection(SolutionProperties) = preSolution
		HideSolutionNode = FALSE
	EndGlobalSection
	GlobalSection(ExtensibilityGlobals) = postSolution
		SolutionGuid = {D39B11C3-B652-48B8-992B-F3009AC880AF}
	EndGlobalSection
EndGlobal
